
Microsoft Visual Studio Solution File, Format Version 12.00
# Visual Studio Version 17
VisualStudioVersion = 17.0.31903.59
MinimumVisualStudioVersion = 10.0.40219.1
Project("{9A19103F-16F7-4668-BE54-9A1E7A4F7556}") = "MLNET", "src\MLNET\MLNET.csproj", "{072B8522-110C-4769-A2BE-5B82F54E2AF8}"
EndProject
Global
	GlobalSection(SolutionConfigurationPlatforms) = preSolution
		Debug|Any CPU = Debug|Any CPU
		Release|Any CPU = Release|Any CPU
	EndGlobalSection
	GlobalSection(ProjectConfigurationPlatforms) = postSolution
		{072B8522-110C-4769-A2BE-5B82F54E2AF8}.Debug|Any CPU.ActiveCfg = Debug|Any CPU
		{072B8522-110C-4769-A2BE-5B82F54E2AF8}.Debug|Any CPU.Build.0 = Debug|Any CPU
		{072B8522-110C-4769-A2BE-5B82F54E2AF8}.Release|Any CPU.ActiveCfg = Release|Any CPU
		{072B8522-110C-4769-A2BE-5B82F54E2AF8}.Release|Any CPU.Build.0 = Release|Any CPU
	EndGlobalSection
	GlobalSection(SolutionProperties) = preSolution
		HideSolutionNode = FALSE
	EndGlobalSection
	GlobalSection(ExtensibilityGlobals) = postSolution
		SolutionGuid = {6A062057-7DE1-4E0B-A807-12EF18AFBF4B}
	EndGlobalSection
EndGlobal
